PODS:
  - Alamofire (3.1.5)
  - HanekeSwift (0.10.1)
  - MBProgressHUD (0.9.2)
  - SwiftyJSON (2.3.2)

DEPENDENCIES:
  - Alamofire
  - HanekeSwift
  - MBProgressHUD
  - SwiftyJSON

SPEC CHECKSUMS:
  Alamofire: 5f730ba29fd113b7ddd71c1e65d0c630acf5d7b0
  HanekeSwift: 08e47d3d0f2899ec58e5d257beba0de619aca9e8
  MBProgressHUD: 1569cf7ace17a8bac47aabfbb8580a49690386d1
  SwiftyJSON: 04ccea08915aa0109039157c7974cf0298da292a

COCOAPODS: 0.39.0
